// !$*UTF8*$!
{
	archiveVersion = 1;
	classes = {
	};
	objectVersion = 56;
	objects = {

/* Begin PBXBuildFile section */
		57A582092B93B03200756C78 /* VideoEditorUI.framework in Frameworks */ = {isa = PBXBuildFile; fileRef = 57A581EC2B93AAD600756C78 /* VideoEditorUI.framework */; };
		57A5820A2B93B03200756C78 /* VideoEditorUI.framework in Embed Frameworks */ = {isa = PBXBuildFile; fileRef = 57A581EC2B93AAD600756C78 /* VideoEditorUI.framework */; settings = {ATTRIBUTES = (CodeSignOnCopy, RemoveHeadersOnCopy, ); }; };
		57A582192B93D96800756C78 /* Router.swift in Sources */ = {isa = PBXBuildFile; fileRef = 57A582182B93D96800756C78 /* Router.swift */; };
		57A5821F2B93DA4C00756C78 /* Factory.swift in Sources */ = {isa = PBXBuildFile; fileRef = 57A5821E2B93DA4C00756C78 /* Factory.swift */; };
		57A582232B93DFDD00756C78 /* UserAuthenticationViewController.swift in Sources */ = {isa = PBXBuildFile; fileRef = 57A582222B93DFDD00756C78 /* UserAuthenticationViewController.swift */; };
		57A582292B93E01E00756C78 /* UserAuthentificationView.swift in Sources */ = {isa = PBXBuildFile; fileRef = 57A582282B93E01E00756C78 /* UserAuthentificationView.swift */; };
		57A5822D2B93E08300756C78 /* UserAuthentificationInteractor.swift in Sources */ = {isa = PBXBuildFile; fileRef = 57A5822C2B93E08300756C78 /* UserAuthentificationInteractor.swift */; };
		57A5822F2B93E0A200756C78 /* UserAuthentificationPresenter.swift in Sources */ = {isa = PBXBuildFile; fileRef = 57A5822E2B93E0A200756C78 /* UserAuthentificationPresenter.swift */; };
		57A582312B93E0B300756C78 /* UserAuthentificationRoutes.swift in Sources */ = {isa = PBXBuildFile; fileRef = 57A582302B93E0B300756C78 /* UserAuthentificationRoutes.swift */; };
		57A582332B93E0C200756C78 /* UserAuthentificationFactory.swift in Sources */ = {isa = PBXBuildFile; fileRef = 57A582322B93E0C200756C78 /* UserAuthentificationFactory.swift */; };
		57A582362B93E1A500756C78 /* UIImage+ Extension.swift in Sources */ = {isa = PBXBuildFile; fileRef = 57A582352B93E1A500756C78 /* UIImage+ Extension.swift */; };
		57A582392B93E2F500756C78 /* SnapKit in Frameworks */ = {isa = PBXBuildFile; productRef = 57A582382B93E2F500756C78 /* SnapKit */; };
		57B79C742B948AD6008455A1 /* PlusJakartaSans-SemiBold.ttf in Resources */ = {isa = PBXBuildFile; fileRef = 57B79C6C2B948AD6008455A1 /* PlusJakartaSans-SemiBold.ttf */; };
		57B79C752B948AD6008455A1 /* PlusJakartaSans-ExtraLight.ttf in Resources */ = {isa = PBXBuildFile; fileRef = 57B79C6D2B948AD6008455A1 /* PlusJakartaSans-ExtraLight.ttf */; };
		57B79C762B948AD6008455A1 /* PlusJakartaSans-Italic.ttf in Resources */ = {isa = PBXBuildFile; fileRef = 57B79C6E2B948AD6008455A1 /* PlusJakartaSans-Italic.ttf */; };
		57B79C772B948AD6008455A1 /* PlusJakartaSans-Regular.ttf in Resources */ = {isa = PBXBuildFile; fileRef = 57B79C6F2B948AD6008455A1 /* PlusJakartaSans-Regular.ttf */; };
		57B79C782B948AD6008455A1 /* PlusJakartaSans-Light.ttf in Resources */ = {isa = PBXBuildFile; fileRef = 57B79C702B948AD6008455A1 /* PlusJakartaSans-Light.ttf */; };
		57B79C792B948AD6008455A1 /* PlusJakartaSans-Bold.ttf in Resources */ = {isa = PBXBuildFile; fileRef = 57B79C712B948AD6008455A1 /* PlusJakartaSans-Bold.ttf */; };
		57B79C7A2B948AD6008455A1 /* PlusJakartaSans-ExtraBold.ttf in Resources */ = {isa = PBXBuildFile; fileRef = 57B79C722B948AD6008455A1 /* PlusJakartaSans-ExtraBold.ttf */; };
		57B79C7B2B948AD6008455A1 /* PlusJakartaSans-Medium.ttf in Resources */ = {isa = PBXBuildFile; fileRef = 57B79C732B948AD6008455A1 /* PlusJakartaSans-Medium.ttf */; };
		57B79C7D2B948AF3008455A1 /* Media.xcassets in Resources */ = {isa = PBXBuildFile; fileRef = 57B79C7C2B948AF3008455A1 /* Media.xcassets */; };
		57B79C822B949868008455A1 /* ViewModelConfigurable.swift in Sources */ = {isa = PBXBuildFile; fileRef = 57B79C812B949868008455A1 /* ViewModelConfigurable.swift */; };
		57C220852B80D7070050BC71 /* AppDelegate.swift in Sources */ = {isa = PBXBuildFile; fileRef = 57C220842B80D7070050BC71 /* AppDelegate.swift */; };
		57C220872B80D7070050BC71 /* SceneDelegate.swift in Sources */ = {isa = PBXBuildFile; fileRef = 57C220862B80D7070050BC71 /* SceneDelegate.swift */; };
		57C2208E2B80D7080050BC71 /* Assets.xcassets in Resources */ = {isa = PBXBuildFile; fileRef = 57C2208D2B80D7080050BC71 /* Assets.xcassets */; };
		57C220912B80D7080050BC71 /* LaunchScreen.storyboard in Resources */ = {isa = PBXBuildFile; fileRef = 57C2208F2B80D7080050BC71 /* LaunchScreen.storyboard */; };
		57C2209C2B80D7090050BC71 /* VideoEdditorTests.swift in Sources */ = {isa = PBXBuildFile; fileRef = 57C2209B2B80D7090050BC71 /* VideoEdditorTests.swift */; };
		57C220A62B80D7090050BC71 /* VideoEdditorUITests.swift in Sources */ = {isa = PBXBuildFile; fileRef = 57C220A52B80D7090050BC71 /* VideoEdditorUITests.swift */; };
		57C220A82B80D7090050BC71 /* VideoEdditorUITestsLaunchTests.swift in Sources */ = {isa = PBXBuildFile; fileRef = 57C220A72B80D7090050BC71 /* VideoEdditorUITestsLaunchTests.swift */; };
/* End PBXBuildFile section */

/* Begin PBXContainerItemProxy section */
		57A581EB2B93AAD600756C78 /* PBXContainerItemProxy */ = {
			isa = PBXContainerItemProxy;
			containerPortal = 57A581E52B93AAD600756C78 /* VideoEditorUI.xcodeproj */;
			proxyType = 2;
			remoteGlobalIDString = 5755727F2B8BBFB50019ECB0;
			remoteInfo = VideoEditorUI;
		};
		57A581ED2B93AAD600756C78 /* PBXContainerItemProxy */ = {
			isa = PBXContainerItemProxy;
			containerPortal = 57A581E52B93AAD600756C78 /* VideoEditorUI.xcodeproj */;
			proxyType = 2;
			remoteGlobalIDString = 575572892B8BBFB50019ECB0;
			remoteInfo = VideoEditorUITests;
		};
		57C220982B80D7090050BC71 /* PBXContainerItemProxy */ = {
			isa = PBXContainerItemProxy;
			containerPortal = 57C220792B80D7070050BC71 /* Project object */;
			proxyType = 1;
			remoteGlobalIDString = 57C220802B80D7070050BC71;
			remoteInfo = VideoEdditor;
		};
		57C220A22B80D7090050BC71 /* PBXContainerItemProxy */ = {
			isa = PBXContainerItemProxy;
			containerPortal = 57C220792B80D7070050BC71 /* Project object */;
			proxyType = 1;
			remoteGlobalIDString = 57C220802B80D7070050BC71;
			remoteInfo = VideoEdditor;
		};
/* End PBXContainerItemProxy section */

/* Begin PBXCopyFilesBuildPhase section */
		57A581E42B93AA7900756C78 /* Embed Frameworks */ = {
			isa = PBXCopyFilesBuildPhase;
			buildActionMask = 2147483647;
			dstPath = "";
			dstSubfolderSpec = 10;
			files = (
				57A5820A2B93B03200756C78 /* VideoEditorUI.framework in Embed Frameworks */,
			);
			name = "Embed Frameworks";
			runOnlyForDeploymentPostprocessing = 0;
		};
/* End PBXCopyFilesBuildPhase section */

/* Begin PBXFileReference section */
		57A581E52B93AAD600756C78 /* VideoEditorUI.xcodeproj */ = {isa = PBXFileReference; lastKnownFileType = "wrapper.pb-project"; name = VideoEditorUI.xcodeproj; path = ../../VideoEditorUI/VideoEditorUI.xcodeproj; sourceTree = "<group>"; };
		57A582182B93D96800756C78 /* Router.swift */ = {isa = PBXFileReference; lastKnownFileType = sourcecode.swift; path = Router.swift; sourceTree = "<group>"; };
		57A5821E2B93DA4C00756C78 /* Factory.swift */ = {isa = PBXFileReference; lastKnownFileType = sourcecode.swift; path = Factory.swift; sourceTree = "<group>"; };
		57A582222B93DFDD00756C78 /* UserAuthenticationViewController.swift */ = {isa = PBXFileReference; lastKnownFileType = sourcecode.swift; path = UserAuthenticationViewController.swift; sourceTree = "<group>"; };
		57A582282B93E01E00756C78 /* UserAuthentificationView.swift */ = {isa = PBXFileReference; lastKnownFileType = sourcecode.swift; path = UserAuthentificationView.swift; sourceTree = "<group>"; };
		57A5822C2B93E08300756C78 /* UserAuthentificationInteractor.swift */ = {isa = PBXFileReference; lastKnownFileType = sourcecode.swift; path = UserAuthentificationInteractor.swift; sourceTree = "<group>"; };
		57A5822E2B93E0A200756C78 /* UserAuthentificationPresenter.swift */ = {isa = PBXFileReference; lastKnownFileType = sourcecode.swift; path = UserAuthentificationPresenter.swift; sourceTree = "<group>"; };
		57A582302B93E0B300756C78 /* UserAuthentificationRoutes.swift */ = {isa = PBXFileReference; lastKnownFileType = sourcecode.swift; path = UserAuthentificationRoutes.swift; sourceTree = "<group>"; };
		57A582322B93E0C200756C78 /* UserAuthentificationFactory.swift */ = {isa = PBXFileReference; lastKnownFileType = sourcecode.swift; path = UserAuthentificationFactory.swift; sourceTree = "<group>"; };
		57A582352B93E1A500756C78 /* UIImage+ Extension.swift */ = {isa = PBXFileReference; lastKnownFileType = sourcecode.swift; path = "UIImage+ Extension.swift"; sourceTree = "<group>"; };
		57B79C6C2B948AD6008455A1 /* PlusJakartaSans-SemiBold.ttf */ = {isa = PBXFileReference; lastKnownFileType = file; path = "PlusJakartaSans-SemiBold.ttf"; sourceTree = "<group>"; };
		57B79C6D2B948AD6008455A1 /* PlusJakartaSans-ExtraLight.ttf */ = {isa = PBXFileReference; lastKnownFileType = file; path = "PlusJakartaSans-ExtraLight.ttf"; sourceTree = "<group>"; };
		57B79C6E2B948AD6008455A1 /* PlusJakartaSans-Italic.ttf */ = {isa = PBXFileReference; lastKnownFileType = file; path = "PlusJakartaSans-Italic.ttf"; sourceTree = "<group>"; };
		57B79C6F2B948AD6008455A1 /* PlusJakartaSans-Regular.ttf */ = {isa = PBXFileReference; lastKnownFileType = file; path = "PlusJakartaSans-Regular.ttf"; sourceTree = "<group>"; };
		57B79C702B948AD6008455A1 /* PlusJakartaSans-Light.ttf */ = {isa = PBXFileReference; lastKnownFileType = file; path = "PlusJakartaSans-Light.ttf"; sourceTree = "<group>"; };
		57B79C712B948AD6008455A1 /* PlusJakartaSans-Bold.ttf */ = {isa = PBXFileReference; lastKnownFileType = file; path = "PlusJakartaSans-Bold.ttf"; sourceTree = "<group>"; };
		57B79C722B948AD6008455A1 /* PlusJakartaSans-ExtraBold.ttf */ = {isa = PBXFileReference; lastKnownFileType = file; path = "PlusJakartaSans-ExtraBold.ttf"; sourceTree = "<group>"; };
		57B79C732B948AD6008455A1 /* PlusJakartaSans-Medium.ttf */ = {isa = PBXFileReference; lastKnownFileType = file; path = "PlusJakartaSans-Medium.ttf"; sourceTree = "<group>"; };
		57B79C7C2B948AF3008455A1 /* Media.xcassets */ = {isa = PBXFileReference; lastKnownFileType = folder.assetcatalog; path = Media.xcassets; sourceTree = "<group>"; };
		57B79C812B949868008455A1 /* ViewModelConfigurable.swift */ = {isa = PBXFileReference; lastKnownFileType = sourcecode.swift; path = ViewModelConfigurable.swift; sourceTree = "<group>"; };
		57C220812B80D7070050BC71 /* VideoEdditor.app */ = {isa = PBXFileReference; explicitFileType = wrapper.application; includeInIndex = 0; path = VideoEdditor.app; sourceTree = BUILT_PRODUCTS_DIR; };
		57C220842B80D7070050BC71 /* AppDelegate.swift */ = {isa = PBXFileReference; lastKnownFileType = sourcecode.swift; path = AppDelegate.swift; sourceTree = "<group>"; };
		57C220862B80D7070050BC71 /* SceneDelegate.swift */ = {isa = PBXFileReference; lastKnownFileType = sourcecode.swift; path = SceneDelegate.swift; sourceTree = "<group>"; };
		57C2208D2B80D7080050BC71 /* Assets.xcassets */ = {isa = PBXFileReference; lastKnownFileType = folder.assetcatalog; path = Assets.xcassets; sourceTree = "<group>"; };
		57C220902B80D7080050BC71 /* Base */ = {isa = PBXFileReference; lastKnownFileType = file.storyboard; name = Base; path = Base.lproj/LaunchScreen.storyboard; sourceTree = "<group>"; };
		57C220922B80D7080050BC71 /* Info.plist */ = {isa = PBXFileReference; lastKnownFileType = text.plist.xml; path = Info.plist; sourceTree = "<group>"; };
		57C220972B80D7090050BC71 /* VideoEdditorTests.xctest */ = {isa = PBXFileReference; explicitFileType = wrapper.cfbundle; includeInIndex = 0; path = VideoEdditorTests.xctest; sourceTree = BUILT_PRODUCTS_DIR; };
		57C2209B2B80D7090050BC71 /* VideoEdditorTests.swift */ = {isa = PBXFileReference; lastKnownFileType = sourcecode.swift; path = VideoEdditorTests.swift; sourceTree = "<group>"; };
		57C220A12B80D7090050BC71 /* VideoEdditorUITests.xctest */ = {isa = PBXFileReference; explicitFileType = wrapper.cfbundle; includeInIndex = 0; path = VideoEdditorUITests.xctest; sourceTree = BUILT_PRODUCTS_DIR; };
		57C220A52B80D7090050BC71 /* VideoEdditorUITests.swift */ = {isa = PBXFileReference; lastKnownFileType = sourcecode.swift; path = VideoEdditorUITests.swift; sourceTree = "<group>"; };
		57C220A72B80D7090050BC71 /* VideoEdditorUITestsLaunchTests.swift */ = {isa = PBXFileReference; lastKnownFileType = sourcecode.swift; path = VideoEdditorUITestsLaunchTests.swift; sourceTree = "<group>"; };
/* End PBXFileReference section */

/* Begin PBXFrameworksBuildPhase section */
		57C2207E2B80D7070050BC71 /* Frameworks */ = {
			isa = PBXFrameworksBuildPhase;
			buildActionMask = 2147483647;
			files = (
				57A582092B93B03200756C78 /* VideoEditorUI.framework in Frameworks */,
				57A582392B93E2F500756C78 /* SnapKit in Frameworks */,
			);
			runOnlyForDeploymentPostprocessing = 0;
		};
		57C220942B80D7090050BC71 /* Frameworks */ = {
			isa = PBXFrameworksBuildPhase;
			buildActionMask = 2147483647;
			files = (
			);
			runOnlyForDeploymentPostprocessing = 0;
		};
		57C2209E2B80D7090050BC71 /* Frameworks */ = {
			isa = PBXFrameworksBuildPhase;
			buildActionMask = 2147483647;
			files = (
			);
			runOnlyForDeploymentPostprocessing = 0;
		};
/* End PBXFrameworksBuildPhase section */

/* Begin PBXGroup section */
		57A581E12B93AA7900756C78 /* Frameworks */ = {
			isa = PBXGroup;
			children = (
				57A581E52B93AAD600756C78 /* VideoEditorUI.xcodeproj */,
			);
			name = Frameworks;
			sourceTree = "<group>";
		};
		57A581E62B93AAD600756C78 /* Products */ = {
			isa = PBXGroup;
			children = (
				57A581EC2B93AAD600756C78 /* VideoEditorUI.framework */,
				57A581EE2B93AAD600756C78 /* VideoEditorUITests.xctest */,
			);
			name = Products;
			sourceTree = "<group>";
		};
		57A5820B2B93D56600756C78 /* Modules */ = {
			isa = PBXGroup;
			children = (
				57A5820C2B93D5AA00756C78 /* Auth */,
				57A5820D2B93D5D000756C78 /* PremialPurcheses */,
				57A5820E2B93D60200756C78 /* Main */,
				57A5820F2B93D63C00756C78 /* Templates */,
				57A582102B93D66C00756C78 /* Edditor */,
				57A582112B93D68F00756C78 /* Music */,
			);
			path = Modules;
			sourceTree = "<group>";
		};
		57A5820C2B93D5AA00756C78 /* Auth */ = {
			isa = PBXGroup;
			children = (
				57B79C832B95C221008455A1 /* ViewModels */,
				57A582222B93DFDD00756C78 /* UserAuthenticationViewController.swift */,
				57A582272B93E00000756C78 /* Views */,
				57A5822C2B93E08300756C78 /* UserAuthentificationInteractor.swift */,
				57A5822E2B93E0A200756C78 /* UserAuthentificationPresenter.swift */,
				57A582302B93E0B300756C78 /* UserAuthentificationRoutes.swift */,
				57A582322B93E0C200756C78 /* UserAuthentificationFactory.swift */,
			);
			path = Auth;
			sourceTree = "<group>";
		};
		57A5820D2B93D5D000756C78 /* PremialPurcheses */ = {
			isa = PBXGroup;
			children = (
			);
			path = PremialPurcheses;
			sourceTree = "<group>";
		};
		57A5820E2B93D60200756C78 /* Main */ = {
			isa = PBXGroup;
			children = (
			);
			path = Main;
			sourceTree = "<group>";
		};
		57A5820F2B93D63C00756C78 /* Templates */ = {
			isa = PBXGroup;
			children = (
			);
			path = Templates;
			sourceTree = "<group>";
		};
		57A582102B93D66C00756C78 /* Edditor */ = {
			isa = PBXGroup;
			children = (
			);
			path = Edditor;
			sourceTree = "<group>";
		};
		57A582112B93D68F00756C78 /* Music */ = {
			isa = PBXGroup;
			children = (
			);
			path = Music;
			sourceTree = "<group>";
		};
		57A582122B93D6FE00756C78 /* Router */ = {
			isa = PBXGroup;
			children = (
				57A582182B93D96800756C78 /* Router.swift */,
			);
			path = Router;
			sourceTree = "<group>";
		};
		57A582132B93D71D00756C78 /* App */ = {
			isa = PBXGroup;
			children = (
				57C220842B80D7070050BC71 /* AppDelegate.swift */,
				57C220862B80D7070050BC71 /* SceneDelegate.swift */,
			);
			path = App;
			sourceTree = "<group>";
		};
		57A582142B93D76300756C78 /* Resources */ = {
			isa = PBXGroup;
			children = (
				57B79C7E2B948B7A008455A1 /* Fonts */,
				57B79C7C2B948AF3008455A1 /* Media.xcassets */,
				57C220922B80D7080050BC71 /* Info.plist */,
				57C2208D2B80D7080050BC71 /* Assets.xcassets */,
			);
			name = Resources;
			sourceTree = "<group>";
		};
		57A582152B93D7F100756C78 /* Services */ = {
			isa = PBXGroup;
			children = (
			);
			path = Services;
			sourceTree = "<group>";
		};
		57A5821D2B93DA3700756C78 /* Factory */ = {
			isa = PBXGroup;
			children = (
				57A5821E2B93DA4C00756C78 /* Factory.swift */,
			);
			path = Factory;
			sourceTree = "<group>";
		};
		57A582272B93E00000756C78 /* Views */ = {
			isa = PBXGroup;
			children = (
				57A582282B93E01E00756C78 /* UserAuthentificationView.swift */,
			);
			path = Views;
			sourceTree = "<group>";
		};
		57A582342B93E18800756C78 /* Extensions */ = {
			isa = PBXGroup;
			children = (
				57A582352B93E1A500756C78 /* UIImage+ Extension.swift */,
			);
			path = Extensions;
			sourceTree = "<group>";
		};
		57B79C7E2B948B7A008455A1 /* Fonts */ = {
			isa = PBXGroup;
			children = (
				57B79C712B948AD6008455A1 /* PlusJakartaSans-Bold.ttf */,
				57B79C722B948AD6008455A1 /* PlusJakartaSans-ExtraBold.ttf */,
				57B79C6D2B948AD6008455A1 /* PlusJakartaSans-ExtraLight.ttf */,
				57B79C6E2B948AD6008455A1 /* PlusJakartaSans-Italic.ttf */,
				57B79C702B948AD6008455A1 /* PlusJakartaSans-Light.ttf */,
				57B79C732B948AD6008455A1 /* PlusJakartaSans-Medium.ttf */,
				57B79C6F2B948AD6008455A1 /* PlusJakartaSans-Regular.ttf */,
				57B79C6C2B948AD6008455A1 /* PlusJakartaSans-SemiBold.ttf */,
			);
			name = Fonts;
			sourceTree = "<group>";
		};
		57B79C7F2B949850008455A1 /* Source */ = {
			isa = PBXGroup;
			children = (
				57B79C802B949861008455A1 /* ViewModelConfigurable */,
			);
			path = Source;
			sourceTree = "<group>";
		};
		57B79C802B949861008455A1 /* ViewModelConfigurable */ = {
			isa = PBXGroup;
			children = (
				57B79C812B949868008455A1 /* ViewModelConfigurable.swift */,
			);
			path = ViewModelConfigurable;
			sourceTree = "<group>";
		};
		57B79C832B95C221008455A1 /* ViewModels */ = {
			isa = PBXGroup;
			children = (
			);
			path = ViewModels;
			sourceTree = "<group>";
		};
		57C220782B80D7070050BC71 = {
			isa = PBXGroup;
			children = (
				57C220832B80D7070050BC71 /* VideoEdditor */,
				57C2209A2B80D7090050BC71 /* VideoEdditorTests */,
				57C220A42B80D7090050BC71 /* VideoEdditorUITests */,
				57C220822B80D7070050BC71 /* Products */,
				57A581E12B93AA7900756C78 /* Frameworks */,
			);
			sourceTree = "<group>";
		};
		57C220822B80D7070050BC71 /* Products */ = {
			isa = PBXGroup;
			children = (
				57C220812B80D7070050BC71 /* VideoEdditor.app */,
				57C220972B80D7090050BC71 /* VideoEdditorTests.xctest */,
				57C220A12B80D7090050BC71 /* VideoEdditorUITests.xctest */,
			);
			name = Products;
			sourceTree = "<group>";
		};
		57C220832B80D7070050BC71 /* VideoEdditor */ = {
			isa = PBXGroup;
			children = (
				57A5820B2B93D56600756C78 /* Modules */,
				57A582122B93D6FE00756C78 /* Router */,
				57A5821D2B93DA3700756C78 /* Factory */,
				57A582132B93D71D00756C78 /* App */,
				57A582142B93D76300756C78 /* Resources */,
				57A582152B93D7F100756C78 /* Services */,
				57A582342B93E18800756C78 /* Extensions */,
				57B79C7F2B949850008455A1 /* Source */,
				57C2208F2B80D7080050BC71 /* LaunchScreen.storyboard */,
			);
			path = VideoEdditor;
			sourceTree = "<group>";
		};
		57C2209A2B80D7090050BC71 /* VideoEdditorTests */ = {
			isa = PBXGroup;
			children = (
				57C2209B2B80D7090050BC71 /* VideoEdditorTests.swift */,
			);
			path = VideoEdditorTests;
			sourceTree = "<group>";
		};
		57C220A42B80D7090050BC71 /* VideoEdditorUITests */ = {
			isa = PBXGroup;
			children = (
				57C220A52B80D7090050BC71 /* VideoEdditorUITests.swift */,
				57C220A72B80D7090050BC71 /* VideoEdditorUITestsLaunchTests.swift */,
			);
			path = VideoEdditorUITests;
			sourceTree = "<group>";
		};
/* End PBXGroup section */

/* Begin PBXNativeTarget section */
		57C220802B80D7070050BC71 /* VideoEdditor */ = {
			isa = PBXNativeTarget;
			buildConfigurationList = 57C220AB2B80D7090050BC71 /* Build configuration list for PBXNativeTarget "VideoEdditor" */;
			buildPhases = (
				57C2207D2B80D7070050BC71 /* Sources */,
				57C2207E2B80D7070050BC71 /* Frameworks */,
				57C2207F2B80D7070050BC71 /* Resources */,
				57A581E42B93AA7900756C78 /* Embed Frameworks */,
			);
			buildRules = (
			);
			dependencies = (
			);
			name = VideoEdditor;
			packageProductDependencies = (
				57A582382B93E2F500756C78 /* SnapKit */,
			);
			productName = VideoEdditor;
			productReference = 57C220812B80D7070050BC71 /* VideoEdditor.app */;
			productType = "com.apple.product-type.application";
		};
		57C220962B80D7090050BC71 /* VideoEdditorTests */ = {
			isa = PBXNativeTarget;
			buildConfigurationList = 57C220AE2B80D7090050BC71 /* Build configuration list for PBXNativeTarget "VideoEdditorTests" */;
			buildPhases = (
				57C220932B80D7090050BC71 /* Sources */,
				57C220942B80D7090050BC71 /* Frameworks */,
				57C220952B80D7090050BC71 /* Resources */,
			);
			buildRules = (
			);
			dependencies = (
				57C220992B80D7090050BC71 /* PBXTargetDependency */,
			);
			name = VideoEdditorTests;
			productName = VideoEdditorTests;
			productReference = 57C220972B80D7090050BC71 /* VideoEdditorTests.xctest */;
			productType = "com.apple.product-type.bundle.unit-test";
		};
		57C220A02B80D7090050BC71 /* VideoEdditorUITests */ = {
			isa = PBXNativeTarget;
			buildConfigurationList = 57C220B12B80D7090050BC71 /* Build configuration list for PBXNativeTarget "VideoEdditorUITests" */;
			buildPhases = (
				57C2209D2B80D7090050BC71 /* Sources */,
				57C2209E2B80D7090050BC71 /* Frameworks */,
				57C2209F2B80D7090050BC71 /* Resources */,
			);
			buildRules = (
			);
			dependencies = (
				57C220A32B80D7090050BC71 /* PBXTargetDependency */,
			);
			name = VideoEdditorUITests;
			productName = VideoEdditorUITests;
			productReference = 57C220A12B80D7090050BC71 /* VideoEdditorUITests.xctest */;
			productType = "com.apple.product-type.bundle.ui-testing";
		};
/* End PBXNativeTarget section */

/* Begin PBXProject section */
		57C220792B80D7070050BC71 /* Project object */ = {
			isa = PBXProject;
			attributes = {
				BuildIndependentTargetsInParallel = 1;
				LastSwiftUpdateCheck = 1520;
				LastUpgradeCheck = 1520;
				TargetAttributes = {
					57C220802B80D7070050BC71 = {
						CreatedOnToolsVersion = 15.2;
					};
					57C220962B80D7090050BC71 = {
						CreatedOnToolsVersion = 15.2;
						TestTargetID = 57C220802B80D7070050BC71;
					};
					57C220A02B80D7090050BC71 = {
						CreatedOnToolsVersion = 15.2;
						TestTargetID = 57C220802B80D7070050BC71;
					};
				};
			};
			buildConfigurationList = 57C2207C2B80D7070050BC71 /* Build configuration list for PBXProject "VideoEdditor" */;
			compatibilityVersion = "Xcode 14.0";
			developmentRegion = en;
			hasScannedForEncodings = 0;
			knownRegions = (
				en,
				Base,
			);
			mainGroup = 57C220782B80D7070050BC71;
			packageReferences = (
				57A582372B93E2F500756C78 /* XCRemoteSwiftPackageReference "SnapKit" */,
			);
			productRefGroup = 57C220822B80D7070050BC71 /* Products */;
			projectDirPath = "";
			projectReferences = (
				{
					ProductGroup = 57A581E62B93AAD600756C78 /* Products */;
					ProjectRef = 57A581E52B93AAD600756C78 /* VideoEditorUI.xcodeproj */;
				},
			);
			projectRoot = "";
			targets = (
				57C220802B80D7070050BC71 /* VideoEdditor */,
				57C220962B80D7090050BC71 /* VideoEdditorTests */,
				57C220A02B80D7090050BC71 /* VideoEdditorUITests */,
			);
		};
/* End PBXProject section */

/* Begin PBXReferenceProxy section */
		57A581EC2B93AAD600756C78 /* VideoEditorUI.framework */ = {
			isa = PBXReferenceProxy;
			fileType = wrapper.framework;
			path = VideoEditorUI.framework;
			remoteRef = 57A581EB2B93AAD600756C78 /* PBXContainerItemProxy */;
			sourceTree = BUILT_PRODUCTS_DIR;
		};
		57A581EE2B93AAD600756C78 /* VideoEditorUITests.xctest */ = {
			isa = PBXReferenceProxy;
			fileType = wrapper.cfbundle;
			path = VideoEditorUITests.xctest;
			remoteRef = 57A581ED2B93AAD600756C78 /* PBXContainerItemProxy */;
			sourceTree = BUILT_PRODUCTS_DIR;
		};
/* End PBXReferenceProxy section */

/* Begin PBXResourcesBuildPhase section */
		57C2207F2B80D7070050BC71 /* Resources */ = {
			isa = PBXResourcesBuildPhase;
			buildActionMask = 2147483647;
			files = (
				57B79C7D2B948AF3008455A1 /* Media.xcassets in Resources */,
				57B79C742B948AD6008455A1 /* PlusJakartaSans-SemiBold.ttf in Resources */,
				57B79C752B948AD6008455A1 /* PlusJakartaSans-ExtraLight.ttf in Resources */,
				57B79C762B948AD6008455A1 /* PlusJakartaSans-Italic.ttf in Resources */,
				57B79C772B948AD6008455A1 /* PlusJakartaSans-Regular.ttf in Resources */,
				57B79C782B948AD6008455A1 /* PlusJakartaSans-Light.ttf in Resources */,
				57B79C792B948AD6008455A1 /* PlusJakartaSans-Bold.ttf in Resources */,
				57B79C7A2B948AD6008455A1 /* PlusJakartaSans-ExtraBold.ttf in Resources */,
				57B79C7B2B948AD6008455A1 /* PlusJakartaSans-Medium.ttf in Resources */,
				57C220912B80D7080050BC71 /* LaunchScreen.storyboard in Resources */,
				57C2208E2B80D7080050BC71 /* Assets.xcassets in Resources */,
			);
			runOnlyForDeploymentPostprocessing = 0;
		};
		57C220952B80D7090050BC71 /* Resources */ = {
			isa = PBXResourcesBuildPhase;
			buildActionMask = 2147483647;
			files = (
			);
			runOnlyForDeploymentPostprocessing = 0;
		};
		57C2209F2B80D7090050BC71 /* Resources */ = {
			isa = PBXResourcesBuildPhase;
			buildActionMask = 2147483647;
			files = (
			);
			runOnlyForDeploymentPostprocessing = 0;
		};
/* End PBXResourcesBuildPhase section */

/* Begin PBXSourcesBuildPhase section */
		57C2207D2B80D7070050BC71 /* Sources */ = {
			isa = PBXSourcesBuildPhase;
			buildActionMask = 2147483647;
			files = (
				57A5822D2B93E08300756C78 /* UserAuthentificationInteractor.swift in Sources */,
				57A5822F2B93E0A200756C78 /* UserAuthentificationPresenter.swift in Sources */,
				57A582332B93E0C200756C78 /* UserAuthentificationFactory.swift in Sources */,
				57A582192B93D96800756C78 /* Router.swift in Sources */,
				57A582362B93E1A500756C78 /* UIImage+ Extension.swift in Sources */,
				57C220852B80D7070050BC71 /* AppDelegate.swift in Sources */,
				57A582232B93DFDD00756C78 /* UserAuthenticationViewController.swift in Sources */,
				57A582312B93E0B300756C78 /* UserAuthentificationRoutes.swift in Sources */,
				57C220872B80D7070050BC71 /* SceneDelegate.swift in Sources */,
				57A5821F2B93DA4C00756C78 /* Factory.swift in Sources */,
				57A582292B93E01E00756C78 /* UserAuthentificationView.swift in Sources */,
				57B79C822B949868008455A1 /* ViewModelConfigurable.swift in Sources */,
			);
			runOnlyForDeploymentPostprocessing = 0;
		};
		57C220932B80D7090050BC71 /* Sources */ = {
			isa = PBXSourcesBuildPhase;
			buildActionMask = 2147483647;
			files = (
				57C2209C2B80D7090050BC71 /* VideoEdditorTests.swift in Sources */,
			);
			runOnlyForDeploymentPostprocessing = 0;
		};
		57C2209D2B80D7090050BC71 /* Sources */ = {
			isa = PBXSourcesBuildPhase;
			buildActionMask = 2147483647;
			files = (
				57C220A82B80D7090050BC71 /* VideoEdditorUITestsLaunchTests.swift in Sources */,
				57C220A62B80D7090050BC71 /* VideoEdditorUITests.swift in Sources */,
			);
			runOnlyForDeploymentPostprocessing = 0;
		};
/* End PBXSourcesBuildPhase section */

/* Begin PBXTargetDependency section */
		57C220992B80D7090050BC71 /* PBXTargetDependency */ = {
			isa = PBXTargetDependency;
			target = 57C220802B80D7070050BC71 /* VideoEdditor */;
			targetProxy = 57C220982B80D7090050BC71 /* PBXContainerItemProxy */;
		};
		57C220A32B80D7090050BC71 /* PBXTargetDependency */ = {
			isa = PBXTargetDependency;
			target = 57C220802B80D7070050BC71 /* VideoEdditor */;
			targetProxy = 57C220A22B80D7090050BC71 /* PBXContainerItemProxy */;
		};
/* End PBXTargetDependency section */

/* Begin PBXVariantGroup section */
		57C2208F2B80D7080050BC71 /* LaunchScreen.storyboard */ = {
			isa = PBXVariantGroup;
			children = (
				57C220902B80D7080050BC71 /* Base */,
			);
			name = LaunchScreen.storyboard;
			sourceTree = "<group>";
		};
/* End PBXVariantGroup section */

/* Begin XCBuildConfiguration section */
		57C220A92B80D7090050BC71 /* Debug */ = {
			isa = XCBuildConfiguration;
			buildSettings = {
				ALWAYS_SEARCH_USER_PATHS = NO;
				ASSETCATALOG_COMPILER_GENERATE_SWIFT_ASSET_SYMBOL_EXTENSIONS = YES;
				CLANG_ANALYZER_NONNULL = YES;
				CLANG_ANALYZER_NUMBER_OBJECT_CONVERSION = YES_AGGRESSIVE;
				CLANG_CXX_LANGUAGE_STANDARD = "gnu++20";
				CLANG_ENABLE_MODULES = YES;
				CLANG_ENABLE_OBJC_ARC = YES;
				CLANG_ENABLE_OBJC_WEAK = YES;
				CLANG_WARN_BLOCK_CAPTURE_AUTORELEASING = YES;
				CLANG_WARN_BOOL_CONVERSION = YES;
				CLANG_WARN_COMMA = YES;
				CLANG_WARN_CONSTANT_CONVERSION = YES;
				CLANG_WARN_DEPRECATED_OBJC_IMPLEMENTATIONS = YES;
				CLANG_WARN_DIRECT_OBJC_ISA_USAGE = YES_ERROR;
				CLANG_WARN_DOCUMENTATION_COMMENTS = YES;
				CLANG_WARN_EMPTY_BODY = YES;
				CLANG_WARN_ENUM_CONVERSION = YES;
				CLANG_WARN_INFINITE_RECURSION = YES;
				CLANG_WARN_INT_CONVERSION = YES;
				CLANG_WARN_NON_LITERAL_NULL_CONVERSION = YES;
				CLANG_WARN_OBJC_IMPLICIT_RETAIN_SELF = YES;
				CLANG_WARN_OBJC_LITERAL_CONVERSION = YES;
				CLANG_WARN_OBJC_ROOT_CLASS = YES_ERROR;
				CLANG_WARN_QUOTED_INCLUDE_IN_FRAMEWORK_HEADER = YES;
				CLANG_WARN_RANGE_LOOP_ANALYSIS = YES;
				CLANG_WARN_STRICT_PROTOTYPES = YES;
				CLANG_WARN_SUSPICIOUS_MOVE = YES;
				CLANG_WARN_UNGUARDED_AVAILABILITY = YES_AGGRESSIVE;
				CLANG_WARN_UNREACHABLE_CODE = YES;
				CLANG_WARN__DUPLICATE_METHOD_MATCH = YES;
				COPY_PHASE_STRIP = NO;
				DEBUG_INFORMATION_FORMAT = dwarf;
				ENABLE_STRICT_OBJC_MSGSEND = YES;
				ENABLE_TESTABILITY = YES;
				ENABLE_USER_SCRIPT_SANDBOXING = YES;
				GCC_C_LANGUAGE_STANDARD = gnu17;
				GCC_DYNAMIC_NO_PIC = NO;
				GCC_NO_COMMON_BLOCKS = YES;
				GCC_OPTIMIZATION_LEVEL = 0;
				GCC_PREPROCESSOR_DEFINITIONS = (
					"DEBUG=1",
					"$(inherited)",
				);
				GCC_WARN_64_TO_32_BIT_CONVERSION = YES;
				GCC_WARN_ABOUT_RETURN_TYPE = YES_ERROR;
				GCC_WARN_UNDECLARED_SELECTOR = YES;
				GCC_WARN_UNINITIALIZED_AUTOS = YES_AGGRESSIVE;
				GCC_WARN_UNUSED_FUNCTION = YES;
				GCC_WARN_UNUSED_VARIABLE = YES;
				IPHONEOS_DEPLOYMENT_TARGET = 17.2;
				LOCALIZATION_PREFERS_STRING_CATALOGS = YES;
				MTL_ENABLE_DEBUG_INFO = INCLUDE_SOURCE;
				MTL_FAST_MATH = YES;
				ONLY_ACTIVE_ARCH = YES;
				SDKROOT = iphoneos;
				SWIFT_ACTIVE_COMPILATION_CONDITIONS = "DEBUG $(inherited)";
				SWIFT_OPTIMIZATION_LEVEL = "-Onone";
			};
			name = Debug;
		};
		57C220AA2B80D7090050BC71 /* Release */ = {
			isa = XCBuildConfiguration;
			buildSettings = {
				ALWAYS_SEARCH_USER_PATHS = NO;
				ASSETCATALOG_COMPILER_GENERATE_SWIFT_ASSET_SYMBOL_EXTENSIONS = YES;
				CLANG_ANALYZER_NONNULL = YES;
				CLANG_ANALYZER_NUMBER_OBJECT_CONVERSION = YES_AGGRESSIVE;
				CLANG_CXX_LANGUAGE_STANDARD = "gnu++20";
				CLANG_ENABLE_MODULES = YES;
				CLANG_ENABLE_OBJC_ARC = YES;
				CLANG_ENABLE_OBJC_WEAK = YES;
				CLANG_WARN_BLOCK_CAPTURE_AUTORELEASING = YES;
				CLANG_WARN_BOOL_CONVERSION = YES;
				CLANG_WARN_COMMA = YES;
				CLANG_WARN_CONSTANT_CONVERSION = YES;
				CLANG_WARN_DEPRECATED_OBJC_IMPLEMENTATIONS = YES;
				CLANG_WARN_DIRECT_OBJC_ISA_USAGE = YES_ERROR;
				CLANG_WARN_DOCUMENTATION_COMMENTS = YES;
				CLANG_WARN_EMPTY_BODY = YES;
				CLANG_WARN_ENUM_CONVERSION = YES;
				CLANG_WARN_INFINITE_RECURSION = YES;
				CLANG_WARN_INT_CONVERSION = YES;
				CLANG_WARN_NON_LITERAL_NULL_CONVERSION = YES;
				CLANG_WARN_OBJC_IMPLICIT_RETAIN_SELF = YES;
				CLANG_WARN_OBJC_LITERAL_CONVERSION = YES;
				CLANG_WARN_OBJC_ROOT_CLASS = YES_ERROR;
				CLANG_WARN_QUOTED_INCLUDE_IN_FRAMEWORK_HEADER = YES;
				CLANG_WARN_RANGE_LOOP_ANALYSIS = YES;
				CLANG_WARN_STRICT_PROTOTYPES = YES;
				CLANG_WARN_SUSPICIOUS_MOVE = YES;
				CLANG_WARN_UNGUARDED_AVAILABILITY = YES_AGGRESSIVE;
				CLANG_WARN_UNREACHABLE_CODE = YES;
				CLANG_WARN__DUPLICATE_METHOD_MATCH = YES;
				COPY_PHASE_STRIP = NO;
				DEBUG_INFORMATION_FORMAT = "dwarf-with-dsym";
				ENABLE_NS_ASSERTIONS = NO;
				ENABLE_STRICT_OBJC_MSGSEND = YES;
				ENABLE_USER_SCRIPT_SANDBOXING = YES;
				GCC_C_LANGUAGE_STANDARD = gnu17;
				GCC_NO_COMMON_BLOCKS = YES;
				GCC_WARN_64_TO_32_BIT_CONVERSION = YES;
				GCC_WARN_ABOUT_RETURN_TYPE = YES_ERROR;
				GCC_WARN_UNDECLARED_SELECTOR = YES;
				GCC_WARN_UNINITIALIZED_AUTOS = YES_AGGRESSIVE;
				GCC_WARN_UNUSED_FUNCTION = YES;
				GCC_WARN_UNUSED_VARIABLE = YES;
				IPHONEOS_DEPLOYMENT_TARGET = 17.2;
				LOCALIZATION_PREFERS_STRING_CATALOGS = YES;
				MTL_ENABLE_DEBUG_INFO = NO;
				MTL_FAST_MATH = YES;
				SDKROOT = iphoneos;
				SWIFT_COMPILATION_MODE = wholemodule;
				VALIDATE_PRODUCT = YES;
			};
			name = Release;
		};
		57C220AC2B80D7090050BC71 /* Debug */ = {
			isa = XCBuildConfiguration;
			buildSettings = {
				ASSETCATALOG_COMPILER_APPICON_NAME = AppIcon;
				ASSETCATALOG_COMPILER_GLOBAL_ACCENT_COLOR_NAME = AccentColor;
				CODE_SIGN_STYLE = Automatic;
				CURRENT_PROJECT_VERSION = 1;
				DEVELOPMENT_TEAM = 8RR26756PN;
				GENERATE_INFOPLIST_FILE = YES;
				INFOPLIST_FILE = VideoEdditor/Info.plist;
				INFOPLIST_KEY_UIApplicationSupportsIndirectInputEvents = YES;
				INFOPLIST_KEY_UILaunchStoryboardName = LaunchScreen;
				INFOPLIST_KEY_UISupportedInterfaceOrientations_iPad = "UIInterfaceOrientationPortrait UIInterfaceOrientationPortraitUpsideDown UIInterfaceOrientationLandscapeLeft UIInterfaceOrientationLandscapeRight";
				INFOPLIST_KEY_UISupportedInterfaceOrientations_iPhone = "UIInterfaceOrientationPortrait UIInterfaceOrientationLandscapeLeft UIInterfaceOrientationLandscapeRight";
				IPHONEOS_DEPLOYMENT_TARGET = 14.0;
				LD_RUNPATH_SEARCH_PATHS = (
					"$(inherited)",
					"@executable_path/Frameworks",
				);
				MARKETING_VERSION = 1.0;
				PRODUCT_BUNDLE_IDENTIFIER = com.IvanBiriukov.VideoEdditor;
				PRODUCT_NAME = "$(TARGET_NAME)";
				SUPPORTED_PLATFORMS = "iphoneos iphonesimulator";
				SUPPORTS_MACCATALYST = NO;
				SUPPORTS_XR_DESIGNED_FOR_IPHONE_IPAD = NO;
				SWIFT_EMIT_LOC_STRINGS = YES;
				SWIFT_VERSION = 5.0;
				TARGETED_DEVICE_FAMILY = "1,2";
			};
			name = Debug;
		};
		57C220AD2B80D7090050BC71 /* Release */ = {
			isa = XCBuildConfiguration;
			buildSettings = {
				ASSETCATALOG_COMPILER_APPICON_NAME = AppIcon;
				ASSETCATALOG_COMPILER_GLOBAL_ACCENT_COLOR_NAME = AccentColor;
				CODE_SIGN_STYLE = Automatic;
				CURRENT_PROJECT_VERSION = 1;
				DEVELOPMENT_TEAM = 8RR26756PN;
				GENERATE_INFOPLIST_FILE = YES;
				INFOPLIST_FILE = VideoEdditor/Info.plist;
				INFOPLIST_KEY_UIApplicationSupportsIndirectInputEvents = YES;
				INFOPLIST_KEY_UILaunchStoryboardName = LaunchScreen;
				INFOPLIST_KEY_UISupportedInterfaceOrientations_iPad = "UIInterfaceOrientationPortrait UIInterfaceOrientationPortraitUpsideDown UIInterfaceOrientationLandscapeLeft UIInterfaceOrientationLandscapeRight";
				INFOPLIST_KEY_UISupportedInterfaceOrientations_iPhone = "UIInterfaceOrientationPortrait UIInterfaceOrientationLandscapeLeft UIInterfaceOrientationLandscapeRight";
				IPHONEOS_DEPLOYMENT_TARGET = 14.0;
				LD_RUNPATH_SEARCH_PATHS = (
					"$(inherited)",
					"@executable_path/Frameworks",
				);
				MARKETING_VERSION = 1.0;
				PRODUCT_BUNDLE_IDENTIFIER = com.IvanBiriukov.VideoEdditor;
				PRODUCT_NAME = "$(TARGET_NAME)";
				SUPPORTED_PLATFORMS = "iphoneos iphonesimulator";
				SUPPORTS_MACCATALYST = NO;
				SUPPORTS_XR_DESIGNED_FOR_IPHONE_IPAD = NO;
				SWIFT_EMIT_LOC_STRINGS = YES;
				SWIFT_VERSION = 5.0;
				TARGETED_DEVICE_FAMILY = "1,2";
			};
			name = Release;
		};
		57C220AF2B80D7090050BC71 /* Debug */ = {
			isa = XCBuildConfiguration;
			buildSettings = {
				ALWAYS_EMBED_SWIFT_STANDARD_LIBRARIES = YES;
				BUNDLE_LOADER = "$(TEST_HOST)";
				CODE_SIGN_STYLE = Automatic;
				CURRENT_PROJECT_VERSION = 1;
				DEVELOPMENT_TEAM = 8RR26756PN;
				GENERATE_INFOPLIST_FILE = YES;
				IPHONEOS_DEPLOYMENT_TARGET = 17.2;
				MARKETING_VERSION = 1.0;
				PRODUCT_BUNDLE_IDENTIFIER = com.IvanBiriukov.VideoEdditorTests;
				PRODUCT_NAME = "$(TARGET_NAME)";
				SWIFT_EMIT_LOC_STRINGS = NO;
				SWIFT_VERSION = 5.0;
				TARGETED_DEVICE_FAMILY = "1,2";
				TEST_HOST = "$(BUILT_PRODUCTS_DIR)/VideoEdditor.app/$(BUNDLE_EXECUTABLE_FOLDER_PATH)/VideoEdditor";
			};
			name = Debug;
		};
		57C220B02B80D7090050BC71 /* Release */ = {
			isa = XCBuildConfiguration;
			buildSettings = {
				ALWAYS_EMBED_SWIFT_STANDARD_LIBRARIES = YES;
				BUNDLE_LOADER = "$(TEST_HOST)";
				CODE_SIGN_STYLE = Automatic;
				CURRENT_PROJECT_VERSION = 1;
				DEVELOPMENT_TEAM = 8RR26756PN;
				GENERATE_INFOPLIST_FILE = YES;
				IPHONEOS_DEPLOYMENT_TARGET = 17.2;
				MARKETING_VERSION = 1.0;
				PRODUCT_BUNDLE_IDENTIFIER = com.IvanBiriukov.VideoEdditorTests;
				PRODUCT_NAME = "$(TARGET_NAME)";
				SWIFT_EMIT_LOC_STRINGS = NO;
				SWIFT_VERSION = 5.0;
				TARGETED_DEVICE_FAMILY = "1,2";
				TEST_HOST = "$(BUILT_PRODUCTS_DIR)/VideoEdditor.app/$(BUNDLE_EXECUTABLE_FOLDER_PATH)/VideoEdditor";
			};
			name = Release;
		};
		57C220B22B80D7090050BC71 /* Debug */ = {
			isa = XCBuildConfiguration;
			buildSettings = {
				ALWAYS_EMBED_SWIFT_STANDARD_LIBRARIES = YES;
				CODE_SIGN_STYLE = Automatic;
				CURRENT_PROJECT_VERSION = 1;
				DEVELOPMENT_TEAM = 8RR26756PN;
				GENERATE_INFOPLIST_FILE = YES;
				MARKETING_VERSION = 1.0;
				PRODUCT_BUNDLE_IDENTIFIER = com.IvanBiriukov.VideoEdditorUITests;
				PRODUCT_NAME = "$(TARGET_NAME)";
				SWIFT_EMIT_LOC_STRINGS = NO;
				SWIFT_VERSION = 5.0;
				TARGETED_DEVICE_FAMILY = "1,2";
				TEST_TARGET_NAME = VideoEdditor;
			};
			name = Debug;
		};
		57C220B32B80D7090050BC71 /* Release */ = {
			isa = XCBuildConfiguration;
			buildSettings = {
				ALWAYS_EMBED_SWIFT_STANDARD_LIBRARIES = YES;
				CODE_SIGN_STYLE = Automatic;
				CURRENT_PROJECT_VERSION = 1;
				DEVELOPMENT_TEAM = 8RR26756PN;
				GENERATE_INFOPLIST_FILE = YES;
				MARKETING_VERSION = 1.0;
				PRODUCT_BUNDLE_IDENTIFIER = com.IvanBiriukov.VideoEdditorUITests;
				PRODUCT_NAME = "$(TARGET_NAME)";
				SWIFT_EMIT_LOC_STRINGS = NO;
				SWIFT_VERSION = 5.0;
				TARGETED_DEVICE_FAMILY = "1,2";
				TEST_TARGET_NAME = VideoEdditor;
			};
			name = Release;
		};
/* End XCBuildConfiguration section */

/* Begin XCConfigurationList section */
		57C2207C2B80D7070050BC71 /* Build configuration list for PBXProject "VideoEdditor" */ = {
			isa = XCConfigurationList;
			buildConfigurations = (
				57C220A92B80D7090050BC71 /* Debug */,
				57C220AA2B80D7090050BC71 /* Release */,
			);
			defaultConfigurationIsVisible = 0;
			defaultConfigurationName = Release;
		};
		57C220AB2B80D7090050BC71 /* Build configuration list for PBXNativeTarget "VideoEdditor" */ = {
			isa = XCConfigurationList;
			buildConfigurations = (
				57C220AC2B80D7090050BC71 /* Debug */,
				57C220AD2B80D7090050BC71 /* Release */,
			);
			defaultConfigurationIsVisible = 0;
			defaultConfigurationName = Release;
		};
		57C220AE2B80D7090050BC71 /* Build configuration list for PBXNativeTarget "VideoEdditorTests" */ = {
			isa = XCConfigurationList;
			buildConfigurations = (
				57C220AF2B80D7090050BC71 /* Debug */,
				57C220B02B80D7090050BC71 /* Release */,
			);
			defaultConfigurationIsVisible = 0;
			defaultConfigurationName = Release;
		};
		57C220B12B80D7090050BC71 /* Build configuration list for PBXNativeTarget "VideoEdditorUITests" */ = {
			isa = XCConfigurationList;
			buildConfigurations = (
				57C220B22B80D7090050BC71 /* Debug */,
				57C220B32B80D7090050BC71 /* Release */,
			);
			defaultConfigurationIsVisible = 0;
			defaultConfigurationName = Release;
		};
/* End XCConfigurationList section */

/* Begin XCRemoteSwiftPackageReference section */
		57A582372B93E2F500756C78 /* XCRemoteSwiftPackageReference "SnapKit" */ = {
			isa = XCRemoteSwiftPackageReference;
			repositoryURL = "https://github.com/SnapKit/SnapKit.git";
			requirement = {
				kind = upToNextMajorVersion;
				minimumVersion = 5.7.1;
			};
		};
/* End XCRemoteSwiftPackageReference section */

/* Begin XCSwiftPackageProductDependency section */
		57A582382B93E2F500756C78 /* SnapKit */ = {
			isa = XCSwiftPackageProductDependency;
			package = 57A582372B93E2F500756C78 /* XCRemoteSwiftPackageReference "SnapKit" */;
			productName = SnapKit;
		};
/* End XCSwiftPackageProductDependency section */
	};
	rootObject = 57C220792B80D7070050BC71 /* Project object */;
}
